
Microsoft Visual Studio Solution File, Format Version 12.00
# Visual Studio 15
VisualStudioVersion = 15.0.26730.16
MinimumVisualStudioVersion = 10.0.40219.1
Project("{FAE04EC0-301F-11D3-BF4B-00C04F79EFBC}") = "wpt-etw", "wpt-etw.csproj", "{0525332B-EAEF-401C-9BB9-4C74987F8007}"
EndProject
Global
	GlobalSection(SolutionConfigurationPlatforms) = preSolution
		Debug|Any CPU = Debug|Any CPU
		Release|Any CPU = Release|Any CPU
	EndGlobalSection
	GlobalSection(ProjectConfigurationPlatforms) = postSolution
		{0525332B-EAEF-401C-9BB9-4C74987F8007}.Debug|Any CPU.ActiveCfg = Debug|Any CPU
		{0525332B-EAEF-401C-9BB9-4C74987F8007}.Debug|Any CPU.Build.0 = Debug|Any CPU
		{0525332B-EAEF-401C-9BB9-4C74987F8007}.Release|Any CPU.ActiveCfg = Release|Any CPU
		{0525332B-EAEF-401C-9BB9-4C74987F8007}.Release|Any CPU.Build.0 = Release|Any CPU
	EndGlobalSection
	GlobalSection(SolutionProperties) = preSolution
		HideSolutionNode = FALSE
	EndGlobalSection
	GlobalSection(ExtensibilityGlobals) = postSolution
		SolutionGuid = {B389990F-4DC6-49C0-A733-E30BA1518F6D}
	EndGlobalSection
EndGlobal
